
Microsoft Visual Studio Solution File, Format Version 12.00
# Visual Studio Version 17
VisualStudioVersion = 17.6.33723.286
MinimumVisualStudioVersion = 10.0.40219.1
Project("{FAE04EC0-301F-11D3-BF4B-00C04F79EFBC}") = "PruebaC#_TalwindCSS", "PruebaC#_TalwindCSS\PruebaC#_TalwindCSS.csproj", "{38C7130F-5BAA-4C0A-A233-5D187C649515}"
EndProject
Global
	GlobalSection(SolutionConfigurationPlatforms) = preSolution
		Debug|Any CPU = Debug|Any CPU
		Release|Any CPU = Release|Any CPU
	EndGlobalSection
	GlobalSection(ProjectConfigurationPlatforms) = postSolution
		{38C7130F-5BAA-4C0A-A233-5D187C649515}.Debug|Any CPU.ActiveCfg = Debug|Any CPU
		{38C7130F-5BAA-4C0A-A233-5D187C649515}.Debug|Any CPU.Build.0 = Debug|Any CPU
		{38C7130F-5BAA-4C0A-A233-5D187C649515}.Release|Any CPU.ActiveCfg = Release|Any CPU
		{38C7130F-5BAA-4C0A-A233-5D187C649515}.Release|Any CPU.Build.0 = Release|Any CPU
	EndGlobalSection
	GlobalSection(SolutionProperties) = preSolution
		HideSolutionNode = FALSE
	EndGlobalSection
	GlobalSection(ExtensibilityGlobals) = postSolution
		SolutionGuid = {DAFAD438-9961-43A8-9E2A-18182C71D328}
	EndGlobalSection
EndGlobal
